
Microsoft Visual Studio Solution File, Format Version 12.00
# Visual Studio 14
VisualStudioVersion = 14.0.25123.0
MinimumVisualStudioVersion = 10.0.40219.1
Project("{CC5FD16D-436D-48AD-A40C-5A424C6E3E79}") = "AzureCloudService1", "AzureCloudService1\AzureCloudService1.ccproj", "{10BB9B76-5522-4882-A669-69F92AE02AF0}"
EndProject
Project("{FAE04EC0-301F-11D3-BF4B-00C04F79EFBC}") = "WebRole1", "WebRole1\WebRole1.csproj", "{981385BB-A870-4D93-B61F-83BE516DDFAE}"
EndProject
Project("{FAE04EC0-301F-11D3-BF4B-00C04F79EFBC}") = "Logging", "Logging\Logging.csproj", "{A6145AA8-DA18-43C5-A8AF-5F9AE5ED01CB}"
EndProject
Global
	GlobalSection(SolutionConfigurationPlatforms) = preSolution
		Debug|Any CPU = Debug|Any CPU
		Release|Any CPU = Release|Any CPU
	EndGlobalSection
	GlobalSection(ProjectConfigurationPlatforms) = postSolution
		{10BB9B76-5522-4882-A669-69F92AE02AF0}.Debug|Any CPU.ActiveCfg = Debug|Any CPU
		{10BB9B76-5522-4882-A669-69F92AE02AF0}.Debug|Any CPU.Build.0 = Debug|Any CPU
		{10BB9B76-5522-4882-A669-69F92AE02AF0}.Release|Any CPU.ActiveCfg = Release|Any CPU
		{10BB9B76-5522-4882-A669-69F92AE02AF0}.Release|Any CPU.Build.0 = Release|Any CPU
		{981385BB-A870-4D93-B61F-83BE516DDFAE}.Debug|Any CPU.ActiveCfg = Debug|Any CPU
		{981385BB-A870-4D93-B61F-83BE516DDFAE}.Debug|Any CPU.Build.0 = Debug|Any CPU
		{981385BB-A870-4D93-B61F-83BE516DDFAE}.Release|Any CPU.ActiveCfg = Release|Any CPU
		{981385BB-A870-4D93-B61F-83BE516DDFAE}.Release|Any CPU.Build.0 = Release|Any CPU
		{A6145AA8-DA18-43C5-A8AF-5F9AE5ED01CB}.Debug|Any CPU.ActiveCfg = Debug|Any CPU
		{A6145AA8-DA18-43C5-A8AF-5F9AE5ED01CB}.Debug|Any CPU.Build.0 = Debug|Any CPU
		{A6145AA8-DA18-43C5-A8AF-5F9AE5ED01CB}.Release|Any CPU.ActiveCfg = Release|Any CPU
		{A6145AA8-DA18-43C5-A8AF-5F9AE5ED01CB}.Release|Any CPU.Build.0 = Release|Any CPU
	EndGlobalSection
	GlobalSection(SolutionProperties) = preSolution
		HideSolutionNode = FALSE
	EndGlobalSection
EndGlobal
